
Microsoft Visual Studio Solution File, Format Version 12.00
# Visual Studio 2013
VisualStudioVersion = 12.0.31101.0
MinimumVisualStudioVersion = 10.0.40219.1
Project("{FAE04EC0-301F-11D3-BF4B-00C04F79EFBC}") = "MenuRibbon.WPF", "MenuRibbon\MenuRibbon.WPF.csproj", "{548A56B2-D54B-42E6-B321-649013867D62}"
EndProject
Project("{2150E333-8FDC-42A3-9474-1A3956D46DE8}") = "Solution Items", "Solution Items", "{8894CA16-71A0-4766-9FF9-C2B6734F5692}"
	ProjectSection(SolutionItems) = preProject
		README.md = README.md
		README.txt = README.txt
	EndProjectSection
EndProject
Project("{FAE04EC0-301F-11D3-BF4B-00C04F79EFBC}") = "TestApp", "TestApp\TestApp.csproj", "{83E03C74-50B6-495D-9313-C9EC0C57CDA7}"
EndProject
Project("{2150E333-8FDC-42A3-9474-1A3956D46DE8}") = "docs", "docs", "{C36ABC70-0575-49DA-8244-463C7594B345}"
	ProjectSection(SolutionItems) = preProject
		docs\simple1.png = docs\simple1.png
		docs\simple2.png = docs\simple2.png
		docs\simple3.png = docs\simple3.png
		docs\simple4.png = docs\simple4.png
		docs\simple5.jpg = docs\simple5.jpg
	EndProjectSection
EndProject
Global
	GlobalSection(SolutionConfigurationPlatforms) = preSolution
		Debug|Any CPU = Debug|Any CPU
		Release|Any CPU = Release|Any CPU
	EndGlobalSection
	GlobalSection(ProjectConfigurationPlatforms) = postSolution
		{548A56B2-D54B-42E6-B321-649013867D62}.Debug|Any CPU.ActiveCfg = Debug|Any CPU
		{548A56B2-D54B-42E6-B321-649013867D62}.Debug|Any CPU.Build.0 = Debug|Any CPU
		{548A56B2-D54B-42E6-B321-649013867D62}.Release|Any CPU.ActiveCfg = Release|Any CPU
		{548A56B2-D54B-42E6-B321-649013867D62}.Release|Any CPU.Build.0 = Release|Any CPU
		{83E03C74-50B6-495D-9313-C9EC0C57CDA7}.Debug|Any CPU.ActiveCfg = Debug|Any CPU
		{83E03C74-50B6-495D-9313-C9EC0C57CDA7}.Debug|Any CPU.Build.0 = Debug|Any CPU
		{83E03C74-50B6-495D-9313-C9EC0C57CDA7}.Release|Any CPU.ActiveCfg = Release|Any CPU
		{83E03C74-50B6-495D-9313-C9EC0C57CDA7}.Release|Any CPU.Build.0 = Release|Any CPU
	EndGlobalSection
	GlobalSection(SolutionProperties) = preSolution
		HideSolutionNode = FALSE
	EndGlobalSection
	GlobalSection(NestedProjects) = preSolution
		{C36ABC70-0575-49DA-8244-463C7594B345} = {8894CA16-71A0-4766-9FF9-C2B6734F5692}
	EndGlobalSection
EndGlobal
